<?xml version="1.0" encoding="UTF-8" standalone="yes" ?>
<CodeBlocks_project_file>
	<FileVersion major="1" minor="6" />
	<Project>
		<Option title="lab11" />
		<Option pch_mode="2" />
		<Option compiler="gcc" />
		<Build>
			<Target title="Debug">
				<Option output="bin/Debug/lab11" prefix_auto="1" extension_auto="1" />
				<Option object_output="obj/Debug/" />
				<Option type="1" />
				<Option compiler="gcc" />
				<Compiler>
					<Add option="-g" />
				</Compiler>
			</Target>
			<Target title="Release">
				<Option output="bin/Release/lab11" prefix_auto="1" extension_auto="1" />
				<Option object_output="obj/Release/" />
				<Option type="1" />
				<Option compiler="gcc" />
				<Compiler>
					<Add option="-O2" />
				</Compiler>
				<Linker>
					<Add option="-s" />
				</Linker>
			</Target>
		</Build>
		<Compiler>
			<Add option="-Wall" />
		</Compiler>
		<Unit filename="Problema_clasa_baza_Tufisi_Ionut_322AB.cpp" />
		<Unit filename="Problema_clasa_capitala_Tufisi_Ionut_322AB.cpp" />
		<Unit filename="Problema_clasa_localitate_Tufisi_Ionut_322AB.cpp" />
		<Unit filename="Problema_clasa_municipiu_Tufisi_Ionut_322AB.cpp" />
		<Unit filename="Problema_clasa_oras_Tufisi_Ionut_322AB.cpp" />
		<Unit filename="Problema_clasa_tara_Tufisi_Ionut_322AB.cpp" />
		<Unit filename="Problema_header_baza_Tufisi_Ionut_322AB.hpp" />
		<Unit filename="Problema_header_capitala_Tufisi_Ionut_322AB.hpp" />
		<Unit filename="Problema_header_localitate_Tufisi_Ionut_322AB.hpp" />
		<Unit filename="Problema_header_municipiu_Tufisi_Ionut_322AB.hpp" />
		<Unit filename="Problema_header_oras_Tufisi_Ionut_322AB.hpp" />
		<Unit filename="Problema_header_tara_Tufisi_Ionut_322AB.hpp" />
		<Unit filename="Problema_main_Tufisi_Ionut_322AB.cpp" />
		<Extensions>
			<code_completion />
			<envvars />
			<debugger />
			<lib_finder disable_auto="1" />
		</Extensions>
	</Project>
</CodeBlocks_project_file>
